
Microsoft Visual Studio Solution File, Format Version 12.00
# Visual Studio Version 17
VisualStudioVersion = 17.8.34322.80
MinimumVisualStudioVersion = 10.0.40219.1
Project("{FAE04EC0-301F-11D3-BF4B-00C04F79EFBC}") = "WebDotnetMVC", "WebDotnetMVC.csproj", "{AA089A2B-5C35-4892-A898-78BB179FECDD}"
EndProject
Global
	GlobalSection(SolutionConfigurationPlatforms) = preSolution
		Debug|Any CPU = Debug|Any CPU
		Release|Any CPU = Release|Any CPU
	EndGlobalSection
	GlobalSection(ProjectConfigurationPlatforms) = postSolution
		{AA089A2B-5C35-4892-A898-78BB179FECDD}.Debug|Any CPU.ActiveCfg = Debug|Any CPU
		{AA089A2B-5C35-4892-A898-78BB179FECDD}.Debug|Any CPU.Build.0 = Debug|Any CPU
		{AA089A2B-5C35-4892-A898-78BB179FECDD}.Release|Any CPU.ActiveCfg = Release|Any CPU
		{AA089A2B-5C35-4892-A898-78BB179FECDD}.Release|Any CPU.Build.0 = Release|Any CPU
	EndGlobalSection
	GlobalSection(SolutionProperties) = preSolution
		HideSolutionNode = FALSE
	EndGlobalSection
	GlobalSection(ExtensibilityGlobals) = postSolution
		SolutionGuid = {A64CBCAD-0698-4C94-94E1-C6559D0F4359}
	EndGlobalSection
EndGlobal
